// !$*UTF8*$!
{
	archiveVersion = 1;
	classes = {
	};
	objectVersion = 46;
	objects = {

/* Begin PBXBuildFile section */
		031D4BC51B201C990004EBE6 /* README.md in Sources */ = {isa = PBXBuildFile; fileRef = 031D4BC31B201C990004EBE6 /* README.md */; };
		031D4BC61B201C990004EBE6 /* LICENSE in Resources */ = {isa = PBXBuildFile; fileRef = 031D4BC41B201C990004EBE6 /* LICENSE */; };
		96261F3E1A97BB740014F10A /* AppDelegate.swift in Sources */ = {isa = PBXBuildFile; fileRef = 96261F3D1A97BB740014F10A /* AppDelegate.swift */; };
		96261F411A97BB740014F10A /* Calculator.xcdatamodeld in Sources */ = {isa = PBXBuildFile; fileRef = 96261F3F1A97BB740014F10A /* Calculator.xcdatamodeld */; };
		96261F431A97BB740014F10A /* ViewController.swift in Sources */ = {isa = PBXBuildFile; fileRef = 96261F421A97BB740014F10A /* ViewController.swift */; };
		96261F461A97BB740014F10A /* Main.storyboard in Resources */ = {isa = PBXBuildFile; fileRef = 96261F441A97BB740014F10A /* Main.storyboard */; };
		96261F481A97BB740014F10A /* Images.xcassets in Resources */ = {isa = PBXBuildFile; fileRef = 96261F471A97BB740014F10A /* Images.xcassets */; };
		96261F4B1A97BB740014F10A /* LaunchScreen.xib in Resources */ = {isa = PBXBuildFile; fileRef = 96261F491A97BB740014F10A /* LaunchScreen.xib */; };
		96261F571A97BB740014F10A /* CalculatorTests.swift in Sources */ = {isa = PBXBuildFile; fileRef = 96261F561A97BB740014F10A /* CalculatorTests.swift */; };
/* End PBXBuildFile section */

/* Begin PBXContainerItemProxy section */
		96261F511A97BB740014F10A /* PBXContainerItemProxy */ = {
			isa = PBXContainerItemProxy;
			containerPortal = 96261F301A97BB740014F10A /* Project object */;
			proxyType = 1;
			remoteGlobalIDString = 96261F371A97BB740014F10A;
			remoteInfo = Calculator;
		};
/* End PBXContainerItemProxy section */

/* Begin PBXFileReference section */
		031D4BC31B201C990004EBE6 /* README.md */ = {isa = PBXFileReference; fileEncoding = 4; lastKnownFileType = net.daringfireball.markdown; name = README.md; path = ../../README.md; sourceTree = "<group>"; };
		031D4BC41B201C990004EBE6 /* LICENSE */ = {isa = PBXFileReference; fileEncoding = 4; lastKnownFileType = text; name = LICENSE; path = ../../LICENSE; sourceTree = "<group>"; };
		96261F381A97BB740014F10A /* Calculator.app */ = {isa = PBXFileReference; explicitFileType = wrapper.application; includeInIndex = 0; path = Calculator.app; sourceTree = BUILT_PRODUCTS_DIR; };
		96261F3C1A97BB740014F10A /* Info.plist */ = {isa = PBXFileReference; lastKnownFileType = text.plist.xml; path = Info.plist; sourceTree = "<group>"; };
		96261F3D1A97BB740014F10A /* AppDelegate.swift */ = {isa = PBXFileReference; lastKnownFileType = sourcecode.swift; path = AppDelegate.swift; sourceTree = "<group>"; };
		96261F401A97BB740014F10A /* Calculator.xcdatamodel */ = {isa = PBXFileReference; lastKnownFileType = wrapper.xcdatamodel; path = Calculator.xcdatamodel; sourceTree = "<group>"; };
		96261F421A97BB740014F10A /* ViewController.swift */ = {isa = PBXFileReference; lastKnownFileType = sourcecode.swift; path = ViewController.swift; sourceTree = "<group>"; };
		96261F451A97BB740014F10A /* Base */ = {isa = PBXFileReference; lastKnownFileType = file.storyboard; name = Base; path = Base.lproj/Main.storyboard; sourceTree = "<group>"; };
		96261F471A97BB740014F10A /* Images.xcassets */ = {isa = PBXFileReference; lastKnownFileType = folder.assetcatalog; path = Images.xcassets; sourceTree = "<group>"; };
		96261F4A1A97BB740014F10A /* Base */ = {isa = PBXFileReference; lastKnownFileType = file.xib; name = Base; path = Base.lproj/LaunchScreen.xib; sourceTree = "<group>"; };
		96261F501A97BB740014F10A /* CalculatorTests.xctest */ = {isa = PBXFileReference; explicitFileType = wrapper.cfbundle; includeInIndex = 0; path = CalculatorTests.xctest; sourceTree = BUILT_PRODUCTS_DIR; };
		96261F551A97BB740014F10A /* Info.plist */ = {isa = PBXFileReference; lastKnownFileType = text.plist.xml; path = Info.plist; sourceTree = "<group>"; };
		96261F561A97BB740014F10A /* CalculatorTests.swift */ = {isa = PBXFileReference; lastKnownFileType = sourcecode.swift; path = CalculatorTests.swift; sourceTree = "<group>"; };
/* End PBXFileReference section */

/* Begin PBXFrameworksBuildPhase section */
		96261F351A97BB740014F10A /* Frameworks */ = {
			isa = PBXFrameworksBuildPhase;
			buildActionMask = 2147483647;
			files = (
			);
			runOnlyForDeploymentPostprocessing = 0;
		};
		96261F4D1A97BB740014F10A /* Frameworks */ = {
			isa = PBXFrameworksBuildPhase;
			buildActionMask = 2147483647;
			files = (
			);
			runOnlyForDeploymentPostprocessing = 0;
		};
/* End PBXFrameworksBuildPhase section */

/* Begin PBXGroup section */
		96261F2F1A97BB740014F10A = {
			isa = PBXGroup;
			children = (
				031D4BC31B201C990004EBE6 /* README.md */,
				031D4BC41B201C990004EBE6 /* LICENSE */,
				96261F3A1A97BB740014F10A /* Calculator */,
				96261F531A97BB740014F10A /* CalculatorTests */,
				96261F391A97BB740014F10A /* Products */,
			);
			sourceTree = "<group>";
		};
		96261F391A97BB740014F10A /* Products */ = {
			isa = PBXGroup;
			children = (
				96261F381A97BB740014F10A /* Calculator.app */,
				96261F501A97BB740014F10A /* CalculatorTests.xctest */,
			);
			name = Products;
			sourceTree = "<group>";
		};
		96261F3A1A97BB740014F10A /* Calculator */ = {
			isa = PBXGroup;
			children = (
				96261F421A97BB740014F10A /* ViewController.swift */,
				96261F441A97BB740014F10A /* Main.storyboard */,
				96261F601A97BBAC0014F10A /* Core Data */,
				96261F3B1A97BB740014F10A /* Supporting Files */,
			);
			path = Calculator;
			sourceTree = "<group>";
		};
		96261F3B1A97BB740014F10A /* Supporting Files */ = {
			isa = PBXGroup;
			children = (
				96261F491A97BB740014F10A /* LaunchScreen.xib */,
				96261F471A97BB740014F10A /* Images.xcassets */,
				96261F3D1A97BB740014F10A /* AppDelegate.swift */,
				96261F3C1A97BB740014F10A /* Info.plist */,
			);
			name = "Supporting Files";
			sourceTree = "<group>";
		};
		96261F531A97BB740014F10A /* CalculatorTests */ = {
			isa = PBXGroup;
			children = (
				96261F561A97BB740014F10A /* CalculatorTests.swift */,
				96261F541A97BB740014F10A /* Supporting Files */,
			);
			path = CalculatorTests;
			sourceTree = "<group>";
		};
		96261F541A97BB740014F10A /* Supporting Files */ = {
			isa = PBXGroup;
			children = (
				96261F551A97BB740014F10A /* Info.plist */,
			);
			name = "Supporting Files";
			sourceTree = "<group>";
		};
		96261F601A97BBAC0014F10A /* Core Data */ = {
			isa = PBXGroup;
			children = (
				96261F3F1A97BB740014F10A /* Calculator.xcdatamodeld */,
			);
			name = "Core Data";
			sourceTree = "<group>";
		};
/* End PBXGroup section */

/* Begin PBXNativeTarget section */
		96261F371A97BB740014F10A /* Calculator */ = {
			isa = PBXNativeTarget;
			buildConfigurationList = 96261F5A1A97BB740014F10A /* Build configuration list for PBXNativeTarget "Calculator" */;
			buildPhases = (
				96261F341A97BB740014F10A /* Sources */,
				96261F351A97BB740014F10A /* Frameworks */,
				96261F361A97BB740014F10A /* Resources */,
			);
			buildRules = (
			);
			dependencies = (
			);
			name = Calculator;
			productName = Calculator;
			productReference = 96261F381A97BB740014F10A /* Calculator.app */;
			productType = "com.apple.product-type.application";
		};
		96261F4F1A97BB740014F10A /* CalculatorTests */ = {
			isa = PBXNativeTarget;
			buildConfigurationList = 96261F5D1A97BB740014F10A /* Build configuration list for PBXNativeTarget "CalculatorTests" */;
			buildPhases = (
				96261F4C1A97BB740014F10A /* Sources */,
				96261F4D1A97BB740014F10A /* Frameworks */,
				96261F4E1A97BB740014F10A /* Resources */,
			);
			buildRules = (
			);
			dependencies = (
				96261F521A97BB740014F10A /* PBXTargetDependency */,
			);
			name = CalculatorTests;
			productName = CalculatorTests;
			productReference = 96261F501A97BB740014F10A /* CalculatorTests.xctest */;
			productType = "com.apple.product-type.bundle.unit-test";
		};
/* End PBXNativeTarget section */

/* Begin PBXProject section */
		96261F301A97BB740014F10A /* Project object */ = {
			isa = PBXProject;
			attributes = {
				LastUpgradeCheck = 0610;
				ORGANIZATIONNAME = Antonio081014.com;
				TargetAttributes = {
					96261F371A97BB740014F10A = {
						CreatedOnToolsVersion = 6.1.1;
					};
					96261F4F1A97BB740014F10A = {
						CreatedOnToolsVersion = 6.1.1;
						TestTargetID = 96261F371A97BB740014F10A;
					};
				};
			};
			buildConfigurationList = 96261F331A97BB740014F10A /* Build configuration list for PBXProject "Calculator" */;
			compatibilityVersion = "Xcode 3.2";
			developmentRegion = English;
			hasScannedForEncodings = 0;
			knownRegions = (
				en,
				Base,
			);
			mainGroup = 96261F2F1A97BB740014F10A;
			productRefGroup = 96261F391A97BB740014F10A /* Products */;
			projectDirPath = "";
			projectRoot = "";
			targets = (
				96261F371A97BB740014F10A /* Calculator */,
				96261F4F1A97BB740014F10A /* CalculatorTests */,
			);
		};
/* End PBXProject section */

/* Begin PBXResourcesBuildPhase section */
		96261F361A97BB740014F10A /* Resources */ = {
			isa = PBXResourcesBuildPhase;
			buildActionMask = 2147483647;
			files = (
				96261F461A97BB740014F10A /* Main.storyboard in Resources */,
				96261F4B1A97BB740014F10A /* LaunchScreen.xib in Resources */,
				96261F481A97BB740014F10A /* Images.xcassets in Resources */,
				031D4BC61B201C990004EBE6 /* LICENSE in Resources */,
			);
			runOnlyForDeploymentPostprocessing = 0;
		};
		96261F4E1A97BB740014F10A /* Resources */ = {
			isa = PBXResourcesBuildPhase;
			buildActionMask = 2147483647;
			files = (
			);
			runOnlyForDeploymentPostprocessing = 0;
		};
/* End PBXResourcesBuildPhase section */

/* Begin PBXSourcesBuildPhase section */
		96261F341A97BB740014F10A /* Sources */ = {
			isa = PBXSourcesBuildPhase;
			buildActionMask = 2147483647;
			files = (
				96261F431A97BB740014F10A /* ViewController.swift in Sources */,
				96261F3E1A97BB740014F10A /* AppDelegate.swift in Sources */,
				031D4BC51B201C990004EBE6 /* README.md in Sources */,
				96261F411A97BB740014F10A /* Calculator.xcdatamodeld in Sources */,
			);
			runOnlyForDeploymentPostprocessing = 0;
		};
		96261F4C1A97BB740014F10A /* Sources */ = {
			isa = PBXSourcesBuildPhase;
			buildActionMask = 2147483647;
			files = (
				96261F571A97BB740014F10A /* CalculatorTests.swift in Sources */,
			);
			runOnlyForDeploymentPostprocessing = 0;
		};
/* End PBXSourcesBuildPhase section */

/* Begin PBXTargetDependency section */
		96261F521A97BB740014F10A /* PBXTargetDependency */ = {
			isa = PBXTargetDependency;
			target = 96261F371A97BB740014F10A /* Calculator */;
			targetProxy = 96261F511A97BB740014F10A /* PBXContainerItemProxy */;
		};
/* End PBXTargetDependency section */

/* Begin PBXVariantGroup section */
		96261F441A97BB740014F10A /* Main.storyboard */ = {
			isa = PBXVariantGroup;
			children = (
				96261F451A97BB740014F10A /* Base */,
			);
			name = Main.storyboard;
			sourceTree = "<group>";
		};
		96261F491A97BB740014F10A /* LaunchScreen.xib */ = {
			isa = PBXVariantGroup;
			children = (
				96261F4A1A97BB740014F10A /* Base */,
			);
			name = LaunchScreen.xib;
			sourceTree = "<group>";
		};
/* End PBXVariantGroup section */

/* Begin XCBuildConfiguration section */
		96261F581A97BB740014F10A /* Debug */ = {
			isa = XCBuildConfiguration;
			buildSettings = {
				ALWAYS_SEARCH_USER_PATHS = NO;
				CLANG_CXX_LANGUAGE_STANDARD = "gnu++0x";
				CLANG_CXX_LIBRARY = "libc++";
				CLANG_ENABLE_MODULES = YES;
				CLANG_ENABLE_OBJC_ARC = YES;
				CLANG_WARN_BOOL_CONVERSION = YES;
				CLANG_WARN_CONSTANT_CONVERSION = YES;
				CLANG_WARN_DIRECT_OBJC_ISA_USAGE = YES_ERROR;
				CLANG_WARN_EMPTY_BODY = YES;
				CLANG_WARN_ENUM_CONVERSION = YES;
				CLANG_WARN_INT_CONVERSION = YES;
				CLANG_WARN_OBJC_ROOT_CLASS = YES_ERROR;
				CLANG_WARN_UNREACHABLE_CODE = YES;
				CLANG_WARN__DUPLICATE_METHOD_MATCH = YES;
				"CODE_SIGN_IDENTITY[sdk=iphoneos*]" = "iPhone Developer";
				COPY_PHASE_STRIP = NO;
				ENABLE_STRICT_OBJC_MSGSEND = YES;
				GCC_C_LANGUAGE_STANDARD = gnu99;
				GCC_DYNAMIC_NO_PIC = NO;
				GCC_OPTIMIZATION_LEVEL = 0;
				GCC_PREPROCESSOR_DEFINITIONS = (
					"DEBUG=1",
					"$(inherited)",
				);
				GCC_SYMBOLS_PRIVATE_EXTERN = NO;
				GCC_WARN_64_TO_32_BIT_CONVERSION = YES;
				GCC_WARN_ABOUT_RETURN_TYPE = YES_ERROR;
				GCC_WARN_UNDECLARED_SELECTOR = YES;
				GCC_WARN_UNINITIALIZED_AUTOS = YES_AGGRESSIVE;
				GCC_WARN_UNUSED_FUNCTION = YES;
				GCC_WARN_UNUSED_VARIABLE = YES;
				IPHONEOS_DEPLOYMENT_TARGET = 8.1;
				MTL_ENABLE_DEBUG_INFO = YES;
				ONLY_ACTIVE_ARCH = YES;
				SDKROOT = iphoneos;
				SWIFT_OPTIMIZATION_LEVEL = "-Onone";
				TARGETED_DEVICE_FAMILY = "1,2";
			};
			name = Debug;
		};
		96261F591A97BB740014F10A /* Release */ = {
			isa = XCBuildConfiguration;
			buildSettings = {
				ALWAYS_SEARCH_USER_PATHS = NO;
				CLANG_CXX_LANGUAGE_STANDARD = "gnu++0x";
				CLANG_CXX_LIBRARY = "libc++";
				CLANG_ENABLE_MODULES = YES;
				CLANG_ENABLE_OBJC_ARC = YES;
				CLANG_WARN_BOOL_CONVERSION = YES;
				CLANG_WARN_CONSTANT_CONVERSION = YES;
				CLANG_WARN_DIRECT_OBJC_ISA_USAGE = YES_ERROR;
				CLANG_WARN_EMPTY_BODY = YES;
				CLANG_WARN_ENUM_CONVERSION = YES;
				CLANG_WARN_INT_CONVERSION = YES;
				CLANG_WARN_OBJC_ROOT_CLASS = YES_ERROR;
				CLANG_WARN_UNREACHABLE_CODE = YES;
				CLANG_WARN__DUPLICATE_METHOD_MATCH = YES;
				"CODE_SIGN_IDENTITY[sdk=iphoneos*]" = "iPhone Developer";
				COPY_PHASE_STRIP = YES;
				ENABLE_NS_ASSERTIONS = NO;
				ENABLE_STRICT_OBJC_MSGSEND = YES;
				GCC_C_LANGUAGE_STANDARD = gnu99;
				GCC_WARN_64_TO_32_BIT_CONVERSION = YES;
				GCC_WARN_ABOUT_RETURN_TYPE = YES_ERROR;
				GCC_WARN_UNDECLARED_SELECTOR = YES;
				GCC_WARN_UNINITIALIZED_AUTOS = YES_AGGRESSIVE;
				GCC_WARN_UNUSED_FUNCTION = YES;
				GCC_WARN_UNUSED_VARIABLE = YES;
				IPHONEOS_DEPLOYMENT_TARGET = 8.1;
				MTL_ENABLE_DEBUG_INFO = NO;
				SDKROOT = iphoneos;
				TARGETED_DEVICE_FAMILY = "1,2";
				VALIDATE_PRODUCT = YES;
			};
			name = Release;
		};
		96261F5B1A97BB740014F10A /* Debug */ = {
			isa = XCBuildConfiguration;
			buildSettings = {
				ASSETCATALOG_COMPILER_APPICON_NAME = AppIcon;
				INFOPLIST_FILE = Calculator/Info.plist;
				LD_RUNPATH_SEARCH_PATHS = "$(inherited) @executable_path/Frameworks";
				PRODUCT_NAME = "$(TARGET_NAME)";
			};
			name = Debug;
		};
		96261F5C1A97BB740014F10A /* Release */ = {
			isa = XCBuildConfiguration;
			buildSettings = {
				ASSETCATALOG_COMPILER_APPICON_NAME = AppIcon;
				INFOPLIST_FILE = Calculator/Info.plist;
				LD_RUNPATH_SEARCH_PATHS = "$(inherited) @executable_path/Frameworks";
				PRODUCT_NAME = "$(TARGET_NAME)";
			};
			name = Release;
		};
		96261F5E1A97BB740014F10A /* Debug */ = {
			isa = XCBuildConfiguration;
			buildSettings = {
				BUNDLE_LOADER = "$(TEST_HOST)";
				FRAMEWORK_SEARCH_PATHS = (
					"$(SDKROOT)/Developer/Library/Frameworks",
					"$(inherited)",
				);
				GCC_PREPROCESSOR_DEFINITIONS = (
					"DEBUG=1",
					"$(inherited)",
				);
				INFOPLIST_FILE = CalculatorTests/Info.plist;
				LD_RUNPATH_SEARCH_PATHS = "$(inherited) @executable_path/Frameworks @loader_path/Frameworks";
				PRODUCT_NAME = "$(TARGET_NAME)";
				TEST_HOST = "$(BUILT_PRODUCTS_DIR)/Calculator.app/Calculator";
			};
			name = Debug;
		};
		96261F5F1A97BB740014F10A /* Release */ = {
			isa = XCBuildConfiguration;
			buildSettings = {
				BUNDLE_LOADER = "$(TEST_HOST)";
				FRAMEWORK_SEARCH_PATHS = (
					"$(SDKROOT)/Developer/Library/Frameworks",
					"$(inherited)",
				);
				INFOPLIST_FILE = CalculatorTests/Info.plist;
				LD_RUNPATH_SEARCH_PATHS = "$(inherited) @executable_path/Frameworks @loader_path/Frameworks";
				PRODUCT_NAME = "$(TARGET_NAME)";
				TEST_HOST = "$(BUILT_PRODUCTS_DIR)/Calculator.app/Calculator";
			};
			name = Release;
		};
/* End XCBuildConfiguration section */

/* Begin XCConfigurationList section */
		96261F331A97BB740014F10A /* Build configuration list for PBXProject "Calculator" */ = {
			isa = XCConfigurationList;
			buildConfigurations = (
				96261F581A97BB740014F10A /* Debug */,
				96261F591A97BB740014F10A /* Release */,
			);
			defaultConfigurationIsVisible = 0;
			defaultConfigurationName = Release;
		};
		96261F5A1A97BB740014F10A /* Build configuration list for PBXNativeTarget "Calculator" */ = {
			isa = XCConfigurationList;
			buildConfigurations = (
				96261F5B1A97BB740014F10A /* Debug */,
				96261F5C1A97BB740014F10A /* Release */,
			);
			defaultConfigurationIsVisible = 0;
			defaultConfigurationName = Release;
		};
		96261F5D1A97BB740014F10A /* Build configuration list for PBXNativeTarget "CalculatorTests" */ = {
			isa = XCConfigurationList;
			buildConfigurations = (
				96261F5E1A97BB740014F10A /* Debug */,
				96261F5F1A97BB740014F10A /* Release */,
			);
			defaultConfigurationIsVisible = 0;
			defaultConfigurationName = Release;
		};
/* End XCConfigurationList section */

/* Begin XCVersionGroup section */
		96261F3F1A97BB740014F10A /* Calculator.xcdatamodeld */ = {
			isa = XCVersionGroup;
			children = (
				96261F401A97BB740014F10A /* Calculator.xcdatamodel */,
			);
			currentVersion = 96261F401A97BB740014F10A /* Calculator.xcdatamodel */;
			path = Calculator.xcdatamodeld;
			sourceTree = "<group>";
			versionGroupType = wrapper.xcdatamodel;
		};
/* End XCVersionGroup section */
	};
	rootObject = 96261F301A97BB740014F10A /* Project object */;
}
